// !$*UTF8*$!
{
	archiveVersion = 1;
	classes = {
	};
	objectVersion = 46;
	objects = {

/* Begin PBXBuildFile section */
		7EED6EEB1E26309600B50C75 /* tinyproxy.m in Sources */ = {isa = PBXBuildFile; fileRef = 7EED6EEA1E26309600B50C75 /* tinyproxy.m */; };
		7EED6EEC1E26309600B50C75 /* tinyproxy.h in CopyFiles */ = {isa = PBXBuildFile; fileRef = 7EED6EE91E26309600B50C75 /* tinyproxy.h */; };
		7EED6F771E26319900B50C75 /* acl.c in Sources */ = {isa = PBXBuildFile; fileRef = 7EED6F421E26319900B50C75 /* acl.c */; };
		7EED6F781E26319900B50C75 /* anonymous.c in Sources */ = {isa = PBXBuildFile; fileRef = 7EED6F441E26319900B50C75 /* anonymous.c */; };
		7EED6F791E26319900B50C75 /* buffer.c in Sources */ = {isa = PBXBuildFile; fileRef = 7EED6F461E26319900B50C75 /* buffer.c */; };
		7EED6F7A1E26319900B50C75 /* child.c in Sources */ = {isa = PBXBuildFile; fileRef = 7EED6F481E26319900B50C75 /* child.c */; };
		7EED6F7B1E26319900B50C75 /* conf.c in Sources */ = {isa = PBXBuildFile; fileRef = 7EED6F4B1E26319900B50C75 /* conf.c */; };
		7EED6F7C1E26319900B50C75 /* connect-ports.c in Sources */ = {isa = PBXBuildFile; fileRef = 7EED6F4D1E26319900B50C75 /* connect-ports.c */; };
		7EED6F7D1E26319900B50C75 /* conns.c in Sources */ = {isa = PBXBuildFile; fileRef = 7EED6F4F1E26319900B50C75 /* conns.c */; };
		7EED6F7E1E26319900B50C75 /* daemon.c in Sources */ = {isa = PBXBuildFile; fileRef = 7EED6F511E26319900B50C75 /* daemon.c */; };
		7EED6F7F1E26319900B50C75 /* filter.c in Sources */ = {isa = PBXBuildFile; fileRef = 7EED6F531E26319900B50C75 /* filter.c */; };
		7EED6F801E26319900B50C75 /* hashmap.c in Sources */ = {isa = PBXBuildFile; fileRef = 7EED6F551E26319900B50C75 /* hashmap.c */; };
		7EED6F811E26319900B50C75 /* heap.c in Sources */ = {isa = PBXBuildFile; fileRef = 7EED6F571E26319900B50C75 /* heap.c */; };
		7EED6F821E26319900B50C75 /* html-error.c in Sources */ = {isa = PBXBuildFile; fileRef = 7EED6F591E26319900B50C75 /* html-error.c */; };
		7EED6F831E26319900B50C75 /* http-message.c in Sources */ = {isa = PBXBuildFile; fileRef = 7EED6F5B1E26319900B50C75 /* http-message.c */; };
		7EED6F841E26319900B50C75 /* log.c in Sources */ = {isa = PBXBuildFile; fileRef = 7EED6F5D1E26319900B50C75 /* log.c */; };
		7EED6F851E26319900B50C75 /* main.c in Sources */ = {isa = PBXBuildFile; fileRef = 7EED6F5F1E26319900B50C75 /* main.c */; };
		7EED6F861E26319900B50C75 /* network.c in Sources */ = {isa = PBXBuildFile; fileRef = 7EED6F631E26319900B50C75 /* network.c */; };
		7EED6F871E26319900B50C75 /* reqs.c in Sources */ = {isa = PBXBuildFile; fileRef = 7EED6F651E26319900B50C75 /* reqs.c */; };
		7EED6F881E26319900B50C75 /* reverse-proxy.c in Sources */ = {isa = PBXBuildFile; fileRef = 7EED6F671E26319900B50C75 /* reverse-proxy.c */; };
		7EED6F891E26319900B50C75 /* sock.c in Sources */ = {isa = PBXBuildFile; fileRef = 7EED6F691E26319900B50C75 /* sock.c */; };
		7EED6F8A1E26319900B50C75 /* stats.c in Sources */ = {isa = PBXBuildFile; fileRef = 7EED6F6B1E26319900B50C75 /* stats.c */; };
		7EED6F8B1E26319900B50C75 /* text.c in Sources */ = {isa = PBXBuildFile; fileRef = 7EED6F6D1E26319900B50C75 /* text.c */; };
		7EED6F8C1E26319900B50C75 /* transparent-proxy.c in Sources */ = {isa = PBXBuildFile; fileRef = 7EED6F6F1E26319900B50C75 /* transparent-proxy.c */; };
		7EED6F8D1E26319900B50C75 /* upstream.c in Sources */ = {isa = PBXBuildFile; fileRef = 7EED6F711E26319900B50C75 /* upstream.c */; };
		7EED6F8E1E26319900B50C75 /* utils.c in Sources */ = {isa = PBXBuildFile; fileRef = 7EED6F731E26319900B50C75 /* utils.c */; };
		7EED6F8F1E26319900B50C75 /* vector.c in Sources */ = {isa = PBXBuildFile; fileRef = 7EED6F751E26319900B50C75 /* vector.c */; };
/* End PBXBuildFile section */

/* Begin PBXCopyFilesBuildPhase section */
		7EED6EE41E26309600B50C75 /* CopyFiles */ = {
			isa = PBXCopyFilesBuildPhase;
			buildActionMask = 2147483647;
			dstPath = "include/$(PRODUCT_NAME)";
			dstSubfolderSpec = 16;
			files = (
				7EED6EEC1E26309600B50C75 /* tinyproxy.h in CopyFiles */,
			);
			runOnlyForDeploymentPostprocessing = 0;
		};
/* End PBXCopyFilesBuildPhase section */

/* Begin PBXFileReference section */
		7EED6EE61E26309600B50C75 /* libtinyproxy.a */ = {isa = PBXFileReference; explicitFileType = archive.ar; includeInIndex = 0; path = libtinyproxy.a; sourceTree = BUILT_PRODUCTS_DIR; };
		7EED6EE91E26309600B50C75 /* tinyproxy.h */ = {isa = PBXFileReference; lastKnownFileType = sourcecode.c.h; path = tinyproxy.h; sourceTree = "<group>"; };
		7EED6EEA1E26309600B50C75 /* tinyproxy.m */ = {isa = PBXFileReference; lastKnownFileType = sourcecode.c.objc; path = tinyproxy.m; sourceTree = "<group>"; };
		7EED6F421E26319900B50C75 /* acl.c */ = {isa = PBXFileReference; fileEncoding = 4; lastKnownFileType = sourcecode.c.c; path = acl.c; sourceTree = "<group>"; };
		7EED6F431E26319900B50C75 /* acl.h */ = {isa = PBXFileReference; fileEncoding = 4; lastKnownFileType = sourcecode.c.h; path = acl.h; sourceTree = "<group>"; };
		7EED6F441E26319900B50C75 /* anonymous.c */ = {isa = PBXFileReference; fileEncoding = 4; lastKnownFileType = sourcecode.c.c; path = anonymous.c; sourceTree = "<group>"; };
		7EED6F451E26319900B50C75 /* anonymous.h */ = {isa = PBXFileReference; fileEncoding = 4; lastKnownFileType = sourcecode.c.h; path = anonymous.h; sourceTree = "<group>"; };
		7EED6F461E26319900B50C75 /* buffer.c */ = {isa = PBXFileReference; fileEncoding = 4; lastKnownFileType = sourcecode.c.c; path = buffer.c; sourceTree = "<group>"; };
		7EED6F471E26319900B50C75 /* buffer.h */ = {isa = PBXFileReference; fileEncoding = 4; lastKnownFileType = sourcecode.c.h; path = buffer.h; sourceTree = "<group>"; };
		7EED6F481E26319900B50C75 /* child.c */ = {isa = PBXFileReference; fileEncoding = 4; lastKnownFileType = sourcecode.c.c; path = child.c; sourceTree = "<group>"; };
		7EED6F491E26319900B50C75 /* child.h */ = {isa = PBXFileReference; fileEncoding = 4; lastKnownFileType = sourcecode.c.h; path = child.h; sourceTree = "<group>"; };
		7EED6F4A1E26319900B50C75 /* common.h */ = {isa = PBXFileReference; fileEncoding = 4; lastKnownFileType = sourcecode.c.h; path = common.h; sourceTree = "<group>"; };
		7EED6F4B1E26319900B50C75 /* conf.c */ = {isa = PBXFileReference; fileEncoding = 4; lastKnownFileType = sourcecode.c.c; path = conf.c; sourceTree = "<group>"; };
		7EED6F4C1E26319900B50C75 /* conf.h */ = {isa = PBXFileReference; fileEncoding = 4; lastKnownFileType = sourcecode.c.h; path = conf.h; sourceTree = "<group>"; };
		7EED6F4D1E26319900B50C75 /* connect-ports.c */ = {isa = PBXFileReference; fileEncoding = 4; lastKnownFileType = sourcecode.c.c; path = "connect-ports.c"; sourceTree = "<group>"; };
		7EED6F4E1E26319900B50C75 /* connect-ports.h */ = {isa = PBXFileReference; fileEncoding = 4; lastKnownFileType = sourcecode.c.h; path = "connect-ports.h"; sourceTree = "<group>"; };
		7EED6F4F1E26319900B50C75 /* conns.c */ = {isa = PBXFileReference; fileEncoding = 4; lastKnownFileType = sourcecode.c.c; path = conns.c; sourceTree = "<group>"; };
		7EED6F501E26319900B50C75 /* conns.h */ = {isa = PBXFileReference; fileEncoding = 4; lastKnownFileType = sourcecode.c.h; path = conns.h; sourceTree = "<group>"; };
		7EED6F511E26319900B50C75 /* daemon.c */ = {isa = PBXFileReference; fileEncoding = 4; lastKnownFileType = sourcecode.c.c; path = daemon.c; sourceTree = "<group>"; };
		7EED6F521E26319900B50C75 /* daemon.h */ = {isa = PBXFileReference; fileEncoding = 4; lastKnownFileType = sourcecode.c.h; path = daemon.h; sourceTree = "<group>"; };
		7EED6F531E26319900B50C75 /* filter.c */ = {isa = PBXFileReference; fileEncoding = 4; lastKnownFileType = sourcecode.c.c; path = filter.c; sourceTree = "<group>"; };
		7EED6F541E26319900B50C75 /* filter.h */ = {isa = PBXFileReference; fileEncoding = 4; lastKnownFileType = sourcecode.c.h; path = filter.h; sourceTree = "<group>"; };
		7EED6F551E26319900B50C75 /* hashmap.c */ = {isa = PBXFileReference; fileEncoding = 4; lastKnownFileType = sourcecode.c.c; path = hashmap.c; sourceTree = "<group>"; };
		7EED6F561E26319900B50C75 /* hashmap.h */ = {isa = PBXFileReference; fileEncoding = 4; lastKnownFileType = sourcecode.c.h; path = hashmap.h; sourceTree = "<group>"; };
		7EED6F571E26319900B50C75 /* heap.c */ = {isa = PBXFileReference; fileEncoding = 4; lastKnownFileType = sourcecode.c.c; path = heap.c; sourceTree = "<group>"; };
		7EED6F581E26319900B50C75 /* heap.h */ = {isa = PBXFileReference; fileEncoding = 4; lastKnownFileType = sourcecode.c.h; path = heap.h; sourceTree = "<group>"; };
		7EED6F591E26319900B50C75 /* html-error.c */ = {isa = PBXFileReference; fileEncoding = 4; lastKnownFileType = sourcecode.c.c; path = "html-error.c"; sourceTree = "<group>"; };
		7EED6F5A1E26319900B50C75 /* html-error.h */ = {isa = PBXFileReference; fileEncoding = 4; lastKnownFileType = sourcecode.c.h; path = "html-error.h"; sourceTree = "<group>"; };
		7EED6F5B1E26319900B50C75 /* http-message.c */ = {isa = PBXFileReference; fileEncoding = 4; lastKnownFileType = sourcecode.c.c; path = "http-message.c"; sourceTree = "<group>"; };
		7EED6F5C1E26319900B50C75 /* http-message.h */ = {isa = PBXFileReference; fileEncoding = 4; lastKnownFileType = sourcecode.c.h; path = "http-message.h"; sourceTree = "<group>"; };
		7EED6F5D1E26319900B50C75 /* log.c */ = {isa = PBXFileReference; fileEncoding = 4; lastKnownFileType = sourcecode.c.c; path = log.c; sourceTree = "<group>"; };
		7EED6F5E1E26319900B50C75 /* log.h */ = {isa = PBXFileReference; fileEncoding = 4; lastKnownFileType = sourcecode.c.h; path = log.h; sourceTree = "<group>"; };
		7EED6F5F1E26319900B50C75 /* main.c */ = {isa = PBXFileReference; fileEncoding = 4; lastKnownFileType = sourcecode.c.c; path = main.c; sourceTree = "<group>"; };
		7EED6F601E26319900B50C75 /* main.h */ = {isa = PBXFileReference; fileEncoding = 4; lastKnownFileType = sourcecode.c.h; path = main.h; sourceTree = "<group>"; };
		7EED6F611E26319900B50C75 /* Makefile.am */ = {isa = PBXFileReference; fileEncoding = 4; lastKnownFileType = text; path = Makefile.am; sourceTree = "<group>"; };
		7EED6F621E26319900B50C75 /* Makefile.in */ = {isa = PBXFileReference; fileEncoding = 4; lastKnownFileType = text; path = Makefile.in; sourceTree = "<group>"; };
		7EED6F631E26319900B50C75 /* network.c */ = {isa = PBXFileReference; fileEncoding = 4; lastKnownFileType = sourcecode.c.c; path = network.c; sourceTree = "<group>"; };
		7EED6F641E26319900B50C75 /* network.h */ = {isa = PBXFileReference; fileEncoding = 4; lastKnownFileType = sourcecode.c.h; path = network.h; sourceTree = "<group>"; };
		7EED6F651E26319900B50C75 /* reqs.c */ = {isa = PBXFileReference; fileEncoding = 4; lastKnownFileType = sourcecode.c.c; path = reqs.c; sourceTree = "<group>"; };
		7EED6F661E26319900B50C75 /* reqs.h */ = {isa = PBXFileReference; fileEncoding = 4; lastKnownFileType = sourcecode.c.h; path = reqs.h; sourceTree = "<group>"; };
		7EED6F671E26319900B50C75 /* reverse-proxy.c */ = {isa = PBXFileReference; fileEncoding = 4; lastKnownFileType = sourcecode.c.c; path = "reverse-proxy.c"; sourceTree = "<group>"; };
		7EED6F681E26319900B50C75 /* reverse-proxy.h */ = {isa = PBXFileReference; fileEncoding = 4; lastKnownFileType = sourcecode.c.h; path = "reverse-proxy.h"; sourceTree = "<group>"; };
		7EED6F691E26319900B50C75 /* sock.c */ = {isa = PBXFileReference; fileEncoding = 4; lastKnownFileType = sourcecode.c.c; path = sock.c; sourceTree = "<group>"; };
		7EED6F6A1E26319900B50C75 /* sock.h */ = {isa = PBXFileReference; fileEncoding = 4; lastKnownFileType = sourcecode.c.h; path = sock.h; sourceTree = "<group>"; };
		7EED6F6B1E26319900B50C75 /* stats.c */ = {isa = PBXFileReference; fileEncoding = 4; lastKnownFileType = sourcecode.c.c; path = stats.c; sourceTree = "<group>"; };
		7EED6F6C1E26319900B50C75 /* stats.h */ = {isa = PBXFileReference; fileEncoding = 4; lastKnownFileType = sourcecode.c.h; path = stats.h; sourceTree = "<group>"; };
		7EED6F6D1E26319900B50C75 /* text.c */ = {isa = PBXFileReference; fileEncoding = 4; lastKnownFileType = sourcecode.c.c; path = text.c; sourceTree = "<group>"; };
		7EED6F6E1E26319900B50C75 /* text.h */ = {isa = PBXFileReference; fileEncoding = 4; lastKnownFileType = sourcecode.c.h; path = text.h; sourceTree = "<group>"; };
		7EED6F6F1E26319900B50C75 /* transparent-proxy.c */ = {isa = PBXFileReference; fileEncoding = 4; lastKnownFileType = sourcecode.c.c; path = "transparent-proxy.c"; sourceTree = "<group>"; };
		7EED6F701E26319900B50C75 /* transparent-proxy.h */ = {isa = PBXFileReference; fileEncoding = 4; lastKnownFileType = sourcecode.c.h; path = "transparent-proxy.h"; sourceTree = "<group>"; };
		7EED6F711E26319900B50C75 /* upstream.c */ = {isa = PBXFileReference; fileEncoding = 4; lastKnownFileType = sourcecode.c.c; path = upstream.c; sourceTree = "<group>"; };
		7EED6F721E26319900B50C75 /* upstream.h */ = {isa = PBXFileReference; fileEncoding = 4; lastKnownFileType = sourcecode.c.h; path = upstream.h; sourceTree = "<group>"; };
		7EED6F731E26319900B50C75 /* utils.c */ = {isa = PBXFileReference; fileEncoding = 4; lastKnownFileType = sourcecode.c.c; path = utils.c; sourceTree = "<group>"; };
		7EED6F741E26319900B50C75 /* utils.h */ = {isa = PBXFileReference; fileEncoding = 4; lastKnownFileType = sourcecode.c.h; path = utils.h; sourceTree = "<group>"; };
		7EED6F751E26319900B50C75 /* vector.c */ = {isa = PBXFileReference; fileEncoding = 4; lastKnownFileType = sourcecode.c.c; path = vector.c; sourceTree = "<group>"; };
		7EED6F761E26319900B50C75 /* vector.h */ = {isa = PBXFileReference; fileEncoding = 4; lastKnownFileType = sourcecode.c.h; path = vector.h; sourceTree = "<group>"; };
		7EED6F901E2631BF00B50C75 /* config.h */ = {isa = PBXFileReference; fileEncoding = 4; lastKnownFileType = sourcecode.c.h; path = config.h; sourceTree = "<group>"; };
/* End PBXFileReference section */

/* Begin PBXFrameworksBuildPhase section */
		7EED6EE31E26309600B50C75 /* Frameworks */ = {
			isa = PBXFrameworksBuildPhase;
			buildActionMask = 2147483647;
			files = (
			);
			runOnlyForDeploymentPostprocessing = 0;
		};
/* End PBXFrameworksBuildPhase section */

/* Begin PBXGroup section */
		7EED6EDD1E26309600B50C75 = {
			isa = PBXGroup;
			children = (
				7EED6EE81E26309600B50C75 /* tinyproxy */,
				7EED6EE71E26309600B50C75 /* Products */,
			);
			sourceTree = "<group>";
		};
		7EED6EE71E26309600B50C75 /* Products */ = {
			isa = PBXGroup;
			children = (
				7EED6EE61E26309600B50C75 /* libtinyproxy.a */,
			);
			name = Products;
			sourceTree = "<group>";
		};
		7EED6EE81E26309600B50C75 /* tinyproxy */ = {
			isa = PBXGroup;
			children = (
				7EED6F411E26319900B50C75 /* core */,
				7EED6F901E2631BF00B50C75 /* config.h */,
				7EED6EE91E26309600B50C75 /* tinyproxy.h */,
				7EED6EEA1E26309600B50C75 /* tinyproxy.m */,
			);
			path = tinyproxy;
			sourceTree = "<group>";
		};
		7EED6F411E26319900B50C75 /* core */ = {
			isa = PBXGroup;
			children = (
				7EED6F421E26319900B50C75 /* acl.c */,
				7EED6F431E26319900B50C75 /* acl.h */,
				7EED6F441E26319900B50C75 /* anonymous.c */,
				7EED6F451E26319900B50C75 /* anonymous.h */,
				7EED6F461E26319900B50C75 /* buffer.c */,
				7EED6F471E26319900B50C75 /* buffer.h */,
				7EED6F481E26319900B50C75 /* child.c */,
				7EED6F491E26319900B50C75 /* child.h */,
				7EED6F4A1E26319900B50C75 /* common.h */,
				7EED6F4B1E26319900B50C75 /* conf.c */,
				7EED6F4C1E26319900B50C75 /* conf.h */,
				7EED6F4D1E26319900B50C75 /* connect-ports.c */,
				7EED6F4E1E26319900B50C75 /* connect-ports.h */,
				7EED6F4F1E26319900B50C75 /* conns.c */,
				7EED6F501E26319900B50C75 /* conns.h */,
				7EED6F511E26319900B50C75 /* daemon.c */,
				7EED6F521E26319900B50C75 /* daemon.h */,
				7EED6F531E26319900B50C75 /* filter.c */,
				7EED6F541E26319900B50C75 /* filter.h */,
				7EED6F551E26319900B50C75 /* hashmap.c */,
				7EED6F561E26319900B50C75 /* hashmap.h */,
				7EED6F571E26319900B50C75 /* heap.c */,
				7EED6F581E26319900B50C75 /* heap.h */,
				7EED6F591E26319900B50C75 /* html-error.c */,
				7EED6F5A1E26319900B50C75 /* html-error.h */,
				7EED6F5B1E26319900B50C75 /* http-message.c */,
				7EED6F5C1E26319900B50C75 /* http-message.h */,
				7EED6F5D1E26319900B50C75 /* log.c */,
				7EED6F5E1E26319900B50C75 /* log.h */,
				7EED6F5F1E26319900B50C75 /* main.c */,
				7EED6F601E26319900B50C75 /* main.h */,
				7EED6F611E26319900B50C75 /* Makefile.am */,
				7EED6F621E26319900B50C75 /* Makefile.in */,
				7EED6F631E26319900B50C75 /* network.c */,
				7EED6F641E26319900B50C75 /* network.h */,
				7EED6F651E26319900B50C75 /* reqs.c */,
				7EED6F661E26319900B50C75 /* reqs.h */,
				7EED6F671E26319900B50C75 /* reverse-proxy.c */,
				7EED6F681E26319900B50C75 /* reverse-proxy.h */,
				7EED6F691E26319900B50C75 /* sock.c */,
				7EED6F6A1E26319900B50C75 /* sock.h */,
				7EED6F6B1E26319900B50C75 /* stats.c */,
				7EED6F6C1E26319900B50C75 /* stats.h */,
				7EED6F6D1E26319900B50C75 /* text.c */,
				7EED6F6E1E26319900B50C75 /* text.h */,
				7EED6F6F1E26319900B50C75 /* transparent-proxy.c */,
				7EED6F701E26319900B50C75 /* transparent-proxy.h */,
				7EED6F711E26319900B50C75 /* upstream.c */,
				7EED6F721E26319900B50C75 /* upstream.h */,
				7EED6F731E26319900B50C75 /* utils.c */,
				7EED6F741E26319900B50C75 /* utils.h */,
				7EED6F751E26319900B50C75 /* vector.c */,
				7EED6F761E26319900B50C75 /* vector.h */,
			);
			path = core;
			sourceTree = "<group>";
		};
/* End PBXGroup section */

/* Begin PBXNativeTarget section */
		7EED6EE51E26309600B50C75 /* tinyproxy */ = {
			isa = PBXNativeTarget;
			buildConfigurationList = 7EED6EEF1E26309600B50C75 /* Build configuration list for PBXNativeTarget "tinyproxy" */;
			buildPhases = (
				7EED6EE21E26309600B50C75 /* Sources */,
				7EED6EE31E26309600B50C75 /* Frameworks */,
				7EED6EE41E26309600B50C75 /* CopyFiles */,
			);
			buildRules = (
			);
			dependencies = (
			);
			name = tinyproxy;
			productName = tinyproxy;
			productReference = 7EED6EE61E26309600B50C75 /* libtinyproxy.a */;
			productType = "com.apple.product-type.library.static";
		};
/* End PBXNativeTarget section */

/* Begin PBXProject section */
		7EED6EDE1E26309600B50C75 /* Project object */ = {
			isa = PBXProject;
			attributes = {
				LastUpgradeCheck = 0820;
				ORGANIZATIONNAME = lidahe;
				TargetAttributes = {
					7EED6EE51E26309600B50C75 = {
						CreatedOnToolsVersion = 8.2;
						ProvisioningStyle = Automatic;
					};
				};
			};
			buildConfigurationList = 7EED6EE11E26309600B50C75 /* Build configuration list for PBXProject "tinyproxy" */;
			compatibilityVersion = "Xcode 3.2";
			developmentRegion = English;
			hasScannedForEncodings = 0;
			knownRegions = (
				en,
			);
			mainGroup = 7EED6EDD1E26309600B50C75;
			productRefGroup = 7EED6EE71E26309600B50C75 /* Products */;
			projectDirPath = "";
			projectRoot = "";
			targets = (
				7EED6EE51E26309600B50C75 /* tinyproxy */,
			);
		};
/* End PBXProject section */

/* Begin PBXSourcesBuildPhase section */
		7EED6EE21E26309600B50C75 /* Sources */ = {
			isa = PBXSourcesBuildPhase;
			buildActionMask = 2147483647;
			files = (
				7EED6F8B1E26319900B50C75 /* text.c in Sources */,
				7EED6F8A1E26319900B50C75 /* stats.c in Sources */,
				7EED6F781E26319900B50C75 /* anonymous.c in Sources */,
				7EED6F811E26319900B50C75 /* heap.c in Sources */,
				7EED6F8D1E26319900B50C75 /* upstream.c in Sources */,
				7EED6F7D1E26319900B50C75 /* conns.c in Sources */,
				7EED6F7A1E26319900B50C75 /* child.c in Sources */,
				7EED6F881E26319900B50C75 /* reverse-proxy.c in Sources */,
				7EED6F7F1E26319900B50C75 /* filter.c in Sources */,
				7EED6F7E1E26319900B50C75 /* daemon.c in Sources */,
				7EED6F771E26319900B50C75 /* acl.c in Sources */,
				7EED6F7B1E26319900B50C75 /* conf.c in Sources */,
				7EED6F8C1E26319900B50C75 /* transparent-proxy.c in Sources */,
				7EED6F821E26319900B50C75 /* html-error.c in Sources */,
				7EED6F831E26319900B50C75 /* http-message.c in Sources */,
				7EED6EEB1E26309600B50C75 /* tinyproxy.m in Sources */,
				7EED6F7C1E26319900B50C75 /* connect-ports.c in Sources */,
				7EED6F871E26319900B50C75 /* reqs.c in Sources */,
				7EED6F851E26319900B50C75 /* main.c in Sources */,
				7EED6F891E26319900B50C75 /* sock.c in Sources */,
				7EED6F8F1E26319900B50C75 /* vector.c in Sources */,
				7EED6F8E1E26319900B50C75 /* utils.c in Sources */,
				7EED6F861E26319900B50C75 /* network.c in Sources */,
				7EED6F841E26319900B50C75 /* log.c in Sources */,
				7EED6F791E26319900B50C75 /* buffer.c in Sources */,
				7EED6F801E26319900B50C75 /* hashmap.c in Sources */,
			);
			runOnlyForDeploymentPostprocessing = 0;
		};
/* End PBXSourcesBuildPhase section */

/* Begin XCBuildConfiguration section */
		7EED6EED1E26309600B50C75 /* Debug */ = {
			isa = XCBuildConfiguration;
			buildSettings = {
				ALWAYS_SEARCH_USER_PATHS = NO;
				CLANG_ANALYZER_NONNULL = YES;
				CLANG_CXX_LANGUAGE_STANDARD = "gnu++0x";
				CLANG_CXX_LIBRARY = "libc++";
				CLANG_ENABLE_MODULES = YES;
				CLANG_ENABLE_OBJC_ARC = YES;
				CLANG_WARN_BOOL_CONVERSION = YES;
				CLANG_WARN_CONSTANT_CONVERSION = YES;
				CLANG_WARN_DIRECT_OBJC_ISA_USAGE = YES_ERROR;
				CLANG_WARN_DOCUMENTATION_COMMENTS = YES;
				CLANG_WARN_EMPTY_BODY = YES;
				CLANG_WARN_ENUM_CONVERSION = YES;
				CLANG_WARN_INFINITE_RECURSION = YES;
				CLANG_WARN_INT_CONVERSION = YES;
				CLANG_WARN_OBJC_ROOT_CLASS = YES_ERROR;
				CLANG_WARN_SUSPICIOUS_MOVE = YES;
				CLANG_WARN_UNREACHABLE_CODE = YES;
				CLANG_WARN__DUPLICATE_METHOD_MATCH = YES;
				"CODE_SIGN_IDENTITY[sdk=iphoneos*]" = "iPhone Developer";
				COPY_PHASE_STRIP = NO;
				DEBUG_INFORMATION_FORMAT = dwarf;
				ENABLE_STRICT_OBJC_MSGSEND = YES;
				ENABLE_TESTABILITY = YES;
				GCC_C_LANGUAGE_STANDARD = gnu99;
				GCC_DYNAMIC_NO_PIC = NO;
				GCC_NO_COMMON_BLOCKS = YES;
				GCC_OPTIMIZATION_LEVEL = 0;
				GCC_PREPROCESSOR_DEFINITIONS = (
					"DEBUG=1",
					"$(inherited)",
					HAVE_CONFIG_H,
				);
				GCC_WARN_64_TO_32_BIT_CONVERSION = YES;
				GCC_WARN_ABOUT_RETURN_TYPE = YES_ERROR;
				GCC_WARN_UNDECLARED_SELECTOR = YES;
				GCC_WARN_UNINITIALIZED_AUTOS = YES_AGGRESSIVE;
				GCC_WARN_UNUSED_FUNCTION = YES;
				GCC_WARN_UNUSED_VARIABLE = YES;
				IPHONEOS_DEPLOYMENT_TARGET = 10.2;
				MTL_ENABLE_DEBUG_INFO = YES;
				ONLY_ACTIVE_ARCH = YES;
				SDKROOT = iphoneos;
			};
			name = Debug;
		};
		7EED6EEE1E26309600B50C75 /* Release */ = {
			isa = XCBuildConfiguration;
			buildSettings = {
				ALWAYS_SEARCH_USER_PATHS = NO;
				CLANG_ANALYZER_NONNULL = YES;
				CLANG_CXX_LANGUAGE_STANDARD = "gnu++0x";
				CLANG_CXX_LIBRARY = "libc++";
				CLANG_ENABLE_MODULES = YES;
				CLANG_ENABLE_OBJC_ARC = YES;
				CLANG_WARN_BOOL_CONVERSION = YES;
				CLANG_WARN_CONSTANT_CONVERSION = YES;
				CLANG_WARN_DIRECT_OBJC_ISA_USAGE = YES_ERROR;
				CLANG_WARN_DOCUMENTATION_COMMENTS = YES;
				CLANG_WARN_EMPTY_BODY = YES;
				CLANG_WARN_ENUM_CONVERSION = YES;
				CLANG_WARN_INFINITE_RECURSION = YES;
				CLANG_WARN_INT_CONVERSION = YES;
				CLANG_WARN_OBJC_ROOT_CLASS = YES_ERROR;
				CLANG_WARN_SUSPICIOUS_MOVE = YES;
				CLANG_WARN_UNREACHABLE_CODE = YES;
				CLANG_WARN__DUPLICATE_METHOD_MATCH = YES;
				"CODE_SIGN_IDENTITY[sdk=iphoneos*]" = "iPhone Developer";
				COPY_PHASE_STRIP = NO;
				DEBUG_INFORMATION_FORMAT = "dwarf-with-dsym";
				ENABLE_NS_ASSERTIONS = NO;
				ENABLE_STRICT_OBJC_MSGSEND = YES;
				GCC_C_LANGUAGE_STANDARD = gnu99;
				GCC_NO_COMMON_BLOCKS = YES;
				GCC_PREPROCESSOR_DEFINITIONS = HAVE_CONFIG_H;
				GCC_WARN_64_TO_32_BIT_CONVERSION = YES;
				GCC_WARN_ABOUT_RETURN_TYPE = YES_ERROR;
				GCC_WARN_UNDECLARED_SELECTOR = YES;
				GCC_WARN_UNINITIALIZED_AUTOS = YES_AGGRESSIVE;
				GCC_WARN_UNUSED_FUNCTION = YES;
				GCC_WARN_UNUSED_VARIABLE = YES;
				IPHONEOS_DEPLOYMENT_TARGET = 10.2;
				MTL_ENABLE_DEBUG_INFO = NO;
				SDKROOT = iphoneos;
				VALIDATE_PRODUCT = YES;
			};
			name = Release;
		};
		7EED6EF01E26309600B50C75 /* Debug */ = {
			isa = XCBuildConfiguration;
			buildSettings = {
				OTHER_LDFLAGS = "-ObjC";
				PRODUCT_NAME = "$(TARGET_NAME)";
				SKIP_INSTALL = YES;
			};
			name = Debug;
		};
		7EED6EF11E26309600B50C75 /* Release */ = {
			isa = XCBuildConfiguration;
			buildSettings = {
				OTHER_LDFLAGS = "-ObjC";
				PRODUCT_NAME = "$(TARGET_NAME)";
				SKIP_INSTALL = YES;
			};
			name = Release;
		};
/* End XCBuildConfiguration section */

/* Begin XCConfigurationList section */
		7EED6EE11E26309600B50C75 /* Build configuration list for PBXProject "tinyproxy" */ = {
			isa = XCConfigurationList;
			buildConfigurations = (
				7EED6EED1E26309600B50C75 /* Debug */,
				7EED6EEE1E26309600B50C75 /* Release */,
			);
			defaultConfigurationIsVisible = 0;
			defaultConfigurationName = Release;
		};
		7EED6EEF1E26309600B50C75 /* Build configuration list for PBXNativeTarget "tinyproxy" */ = {
			isa = XCConfigurationList;
			buildConfigurations = (
				7EED6EF01E26309600B50C75 /* Debug */,
				7EED6EF11E26309600B50C75 /* Release */,
			);
			defaultConfigurationIsVisible = 0;
			defaultConfigurationName = Release;
		};
/* End XCConfigurationList section */
	};
	rootObject = 7EED6EDE1E26309600B50C75 /* Project object */;
}
